
Microsoft Visual Studio Solution File, Format Version 12.00
# Visual Studio 15
VisualStudioVersion = 15.0.28307.168
MinimumVisualStudioVersion = 10.0.40219.1
Project("{FAE04EC0-301F-11D3-BF4B-00C04F79EFBC}") = "AIUWMG.Android", "AIUWMG\AIUWMG.Android\AIUWMG.Android.csproj", "{24CE3C36-16B9-426D-AA0C-5961ECF8D88C}"
EndProject
Project("{FAE04EC0-301F-11D3-BF4B-00C04F79EFBC}") = "AIUWMG.iOS", "AIUWMG\AIUWMG.iOS\AIUWMG.iOS.csproj", "{03822BF6-D339-47CA-9054-DD3245F86A9B}"
EndProject
Project("{FAE04EC0-301F-11D3-BF4B-00C04F79EFBC}") = "AIUWMG.UWP", "AIUWMG\AIUWMG.UWP\AIUWMG.UWP.csproj", "{899A77EC-9796-45D0-9E06-2D4BB6B9FC11}"
EndProject
Project("{9A19103F-16F7-4668-BE54-9A1E7A4F7556}") = "AIUWMG", "AIUWMG\AIUWMG\AIUWMG.csproj", "{87285AF3-85D0-4ACE-B148-9321DDD3D0E0}"
EndProject
Project("{FAE04EC0-301F-11D3-BF4B-00C04F79EFBC}") = "AIUWMG.WPF", "AIUWMG.WPF\AIUWMG.WPF.csproj", "{42186A8B-5682-49ED-999A-BFB2865FD7E5}"
EndProject
Project("{FAE04EC0-301F-11D3-BF4B-00C04F79EFBC}") = "AIUWMG.GTK", "AIUWMG.GTK\AIUWMG.GTK.csproj", "{32B7D4D3-1471-4EA8-BC9B-D159DB33FAB8}"
EndProject
Global
	GlobalSection(SolutionConfigurationPlatforms) = preSolution
		Debug|Any CPU = Debug|Any CPU
		Debug|ARM = Debug|ARM
		Debug|iPhone = Debug|iPhone
		Debug|iPhoneSimulator = Debug|iPhoneSimulator
		Debug|x64 = Debug|x64
		Debug|x86 = Debug|x86
		Release|Any CPU = Release|Any CPU
		Release|ARM = Release|ARM
		Release|iPhone = Release|iPhone
		Release|iPhoneSimulator = Release|iPhoneSimulator
		Release|x64 = Release|x64
		Release|x86 = Release|x86
	EndGlobalSection
	GlobalSection(ProjectConfigurationPlatforms) = postSolution
		{24CE3C36-16B9-426D-AA0C-5961ECF8D88C}.Debug|Any CPU.ActiveCfg = Debug|Any CPU
		{24CE3C36-16B9-426D-AA0C-5961ECF8D88C}.Debug|Any CPU.Build.0 = Debug|Any CPU
		{24CE3C36-16B9-426D-AA0C-5961ECF8D88C}.Debug|Any CPU.Deploy.0 = Debug|Any CPU
		{24CE3C36-16B9-426D-AA0C-5961ECF8D88C}.Debug|ARM.ActiveCfg = Debug|Any CPU
		{24CE3C36-16B9-426D-AA0C-5961ECF8D88C}.Debug|ARM.Build.0 = Debug|Any CPU
		{24CE3C36-16B9-426D-AA0C-5961ECF8D88C}.Debug|ARM.Deploy.0 = Debug|Any CPU
		{24CE3C36-16B9-426D-AA0C-5961ECF8D88C}.Debug|iPhone.ActiveCfg = Debug|Any CPU
		{24CE3C36-16B9-426D-AA0C-5961ECF8D88C}.Debug|iPhone.Build.0 = Debug|Any CPU
		{24CE3C36-16B9-426D-AA0C-5961ECF8D88C}.Debug|iPhone.Deploy.0 = Debug|Any CPU
		{24CE3C36-16B9-426D-AA0C-5961ECF8D88C}.Debug|iPhoneSimulator.ActiveCfg = Debug|Any CPU
		{24CE3C36-16B9-426D-AA0C-5961ECF8D88C}.Debug|iPhoneSimulator.Build.0 = Debug|Any CPU
		{24CE3C36-16B9-426D-AA0C-5961ECF8D88C}.Debug|iPhoneSimulator.Deploy.0 = Debug|Any CPU
		{24CE3C36-16B9-426D-AA0C-5961ECF8D88C}.Debug|x64.ActiveCfg = Debug|Any CPU
		{24CE3C36-16B9-426D-AA0C-5961ECF8D88C}.Debug|x64.Build.0 = Debug|Any CPU
		{24CE3C36-16B9-426D-AA0C-5961ECF8D88C}.Debug|x64.Deploy.0 = Debug|Any CPU
		{24CE3C36-16B9-426D-AA0C-5961ECF8D88C}.Debug|x86.ActiveCfg = Debug|Any CPU
		{24CE3C36-16B9-426D-AA0C-5961ECF8D88C}.Debug|x86.Build.0 = Debug|Any CPU
		{24CE3C36-16B9-426D-AA0C-5961ECF8D88C}.Debug|x86.Deploy.0 = Debug|Any CPU
		{24CE3C36-16B9-426D-AA0C-5961ECF8D88C}.Release|Any CPU.ActiveCfg = Release|Any CPU
		{24CE3C36-16B9-426D-AA0C-5961ECF8D88C}.Release|Any CPU.Build.0 = Release|Any CPU
		{24CE3C36-16B9-426D-AA0C-5961ECF8D88C}.Release|Any CPU.Deploy.0 = Release|Any CPU
		{24CE3C36-16B9-426D-AA0C-5961ECF8D88C}.Release|ARM.ActiveCfg = Release|Any CPU
		{24CE3C36-16B9-426D-AA0C-5961ECF8D88C}.Release|ARM.Build.0 = Release|Any CPU
		{24CE3C36-16B9-426D-AA0C-5961ECF8D88C}.Release|ARM.Deploy.0 = Release|Any CPU
		{24CE3C36-16B9-426D-AA0C-5961ECF8D88C}.Release|iPhone.ActiveCfg = Release|Any CPU
		{24CE3C36-16B9-426D-AA0C-5961ECF8D88C}.Release|iPhone.Build.0 = Release|Any CPU
		{24CE3C36-16B9-426D-AA0C-5961ECF8D88C}.Release|iPhone.Deploy.0 = Release|Any CPU
		{24CE3C36-16B9-426D-AA0C-5961ECF8D88C}.Release|iPhoneSimulator.ActiveCfg = Release|Any CPU
		{24CE3C36-16B9-426D-AA0C-5961ECF8D88C}.Release|iPhoneSimulator.Build.0 = Release|Any CPU
		{24CE3C36-16B9-426D-AA0C-5961ECF8D88C}.Release|iPhoneSimulator.Deploy.0 = Release|Any CPU
		{24CE3C36-16B9-426D-AA0C-5961ECF8D88C}.Release|x64.ActiveCfg = Release|Any CPU
		{24CE3C36-16B9-426D-AA0C-5961ECF8D88C}.Release|x64.Build.0 = Release|Any CPU
		{24CE3C36-16B9-426D-AA0C-5961ECF8D88C}.Release|x64.Deploy.0 = Release|Any CPU
		{24CE3C36-16B9-426D-AA0C-5961ECF8D88C}.Release|x86.ActiveCfg = Release|Any CPU
		{24CE3C36-16B9-426D-AA0C-5961ECF8D88C}.Release|x86.Build.0 = Release|Any CPU
		{24CE3C36-16B9-426D-AA0C-5961ECF8D88C}.Release|x86.Deploy.0 = Release|Any CPU
		{03822BF6-D339-47CA-9054-DD3245F86A9B}.Debug|Any CPU.ActiveCfg = Debug|iPhoneSimulator
		{03822BF6-D339-47CA-9054-DD3245F86A9B}.Debug|Any CPU.Build.0 = Debug|iPhoneSimulator
		{03822BF6-D339-47CA-9054-DD3245F86A9B}.Debug|Any CPU.Deploy.0 = Debug|iPhoneSimulator
		{03822BF6-D339-47CA-9054-DD3245F86A9B}.Debug|ARM.ActiveCfg = Debug|iPhone
		{03822BF6-D339-47CA-9054-DD3245F86A9B}.Debug|ARM.Build.0 = Debug|iPhone
		{03822BF6-D339-47CA-9054-DD3245F86A9B}.Debug|ARM.Deploy.0 = Debug|iPhone
		{03822BF6-D339-47CA-9054-DD3245F86A9B}.Debug|iPhone.ActiveCfg = Debug|iPhone
		{03822BF6-D339-47CA-9054-DD3245F86A9B}.Debug|iPhone.Build.0 = Debug|iPhone
		{03822BF6-D339-47CA-9054-DD3245F86A9B}.Debug|iPhone.Deploy.0 = Debug|iPhone
		{03822BF6-D339-47CA-9054-DD3245F86A9B}.Debug|iPhoneSimulator.ActiveCfg = Debug|iPhoneSimulator
		{03822BF6-D339-47CA-9054-DD3245F86A9B}.Debug|iPhoneSimulator.Build.0 = Debug|iPhoneSimulator
		{03822BF6-D339-47CA-9054-DD3245F86A9B}.Debug|iPhoneSimulator.Deploy.0 = Debug|iPhoneSimulator
		{03822BF6-D339-47CA-9054-DD3245F86A9B}.Debug|x64.ActiveCfg = Debug|iPhone
		{03822BF6-D339-47CA-9054-DD3245F86A9B}.Debug|x64.Build.0 = Debug|iPhone
		{03822BF6-D339-47CA-9054-DD3245F86A9B}.Debug|x64.Deploy.0 = Debug|iPhone
		{03822BF6-D339-47CA-9054-DD3245F86A9B}.Debug|x86.ActiveCfg = Debug|iPhone
		{03822BF6-D339-47CA-9054-DD3245F86A9B}.Debug|x86.Build.0 = Debug|iPhone
		{03822BF6-D339-47CA-9054-DD3245F86A9B}.Debug|x86.Deploy.0 = Debug|iPhone
		{03822BF6-D339-47CA-9054-DD3245F86A9B}.Release|Any CPU.ActiveCfg = Release|iPhone
		{03822BF6-D339-47CA-9054-DD3245F86A9B}.Release|Any CPU.Build.0 = Release|iPhone
		{03822BF6-D339-47CA-9054-DD3245F86A9B}.Release|Any CPU.Deploy.0 = Release|iPhone
		{03822BF6-D339-47CA-9054-DD3245F86A9B}.Release|ARM.ActiveCfg = Release|iPhone
		{03822BF6-D339-47CA-9054-DD3245F86A9B}.Release|ARM.Build.0 = Release|iPhone
		{03822BF6-D339-47CA-9054-DD3245F86A9B}.Release|ARM.Deploy.0 = Release|iPhone
		{03822BF6-D339-47CA-9054-DD3245F86A9B}.Release|iPhone.ActiveCfg = Release|iPhone
		{03822BF6-D339-47CA-9054-DD3245F86A9B}.Release|iPhone.Build.0 = Release|iPhone
		{03822BF6-D339-47CA-9054-DD3245F86A9B}.Release|iPhone.Deploy.0 = Release|iPhone
		{03822BF6-D339-47CA-9054-DD3245F86A9B}.Release|iPhoneSimulator.ActiveCfg = Release|iPhoneSimulator
		{03822BF6-D339-47CA-9054-DD3245F86A9B}.Release|iPhoneSimulator.Build.0 = Release|iPhoneSimulator
		{03822BF6-D339-47CA-9054-DD3245F86A9B}.Release|iPhoneSimulator.Deploy.0 = Release|iPhoneSimulator
		{03822BF6-D339-47CA-9054-DD3245F86A9B}.Release|x64.ActiveCfg = Release|iPhone
		{03822BF6-D339-47CA-9054-DD3245F86A9B}.Release|x64.Build.0 = Release|iPhone
		{03822BF6-D339-47CA-9054-DD3245F86A9B}.Release|x64.Deploy.0 = Release|iPhone
		{03822BF6-D339-47CA-9054-DD3245F86A9B}.Release|x86.ActiveCfg = Release|iPhone
		{03822BF6-D339-47CA-9054-DD3245F86A9B}.Release|x86.Build.0 = Release|iPhone
		{03822BF6-D339-47CA-9054-DD3245F86A9B}.Release|x86.Deploy.0 = Release|iPhone
		{899A77EC-9796-45D0-9E06-2D4BB6B9FC11}.Debug|Any CPU.ActiveCfg = Debug|x86
		{899A77EC-9796-45D0-9E06-2D4BB6B9FC11}.Debug|Any CPU.Build.0 = Debug|x86
		{899A77EC-9796-45D0-9E06-2D4BB6B9FC11}.Debug|Any CPU.Deploy.0 = Debug|x86
		{899A77EC-9796-45D0-9E06-2D4BB6B9FC11}.Debug|ARM.ActiveCfg = Debug|ARM
		{899A77EC-9796-45D0-9E06-2D4BB6B9FC11}.Debug|ARM.Build.0 = Debug|ARM
		{899A77EC-9796-45D0-9E06-2D4BB6B9FC11}.Debug|ARM.Deploy.0 = Debug|ARM
		{899A77EC-9796-45D0-9E06-2D4BB6B9FC11}.Debug|iPhone.ActiveCfg = Debug|x86
		{899A77EC-9796-45D0-9E06-2D4BB6B9FC11}.Debug|iPhone.Build.0 = Debug|x86
		{899A77EC-9796-45D0-9E06-2D4BB6B9FC11}.Debug|iPhone.Deploy.0 = Debug|x86
		{899A77EC-9796-45D0-9E06-2D4BB6B9FC11}.Debug|iPhoneSimulator.ActiveCfg = Debug|x86
		{899A77EC-9796-45D0-9E06-2D4BB6B9FC11}.Debug|iPhoneSimulator.Build.0 = Debug|x86
		{899A77EC-9796-45D0-9E06-2D4BB6B9FC11}.Debug|iPhoneSimulator.Deploy.0 = Debug|x86
		{899A77EC-9796-45D0-9E06-2D4BB6B9FC11}.Debug|x64.ActiveCfg = Debug|x64
		{899A77EC-9796-45D0-9E06-2D4BB6B9FC11}.Debug|x64.Build.0 = Debug|x64
		{899A77EC-9796-45D0-9E06-2D4BB6B9FC11}.Debug|x64.Deploy.0 = Debug|x64
		{899A77EC-9796-45D0-9E06-2D4BB6B9FC11}.Debug|x86.ActiveCfg = Debug|x86
		{899A77EC-9796-45D0-9E06-2D4BB6B9FC11}.Debug|x86.Build.0 = Debug|x86
		{899A77EC-9796-45D0-9E06-2D4BB6B9FC11}.Debug|x86.Deploy.0 = Debug|x86
		{899A77EC-9796-45D0-9E06-2D4BB6B9FC11}.Release|Any CPU.ActiveCfg = Release|x86
		{899A77EC-9796-45D0-9E06-2D4BB6B9FC11}.Release|Any CPU.Build.0 = Release|x86
		{899A77EC-9796-45D0-9E06-2D4BB6B9FC11}.Release|Any CPU.Deploy.0 = Release|x86
		{899A77EC-9796-45D0-9E06-2D4BB6B9FC11}.Release|ARM.ActiveCfg = Release|ARM
		{899A77EC-9796-45D0-9E06-2D4BB6B9FC11}.Release|ARM.Build.0 = Release|ARM
		{899A77EC-9796-45D0-9E06-2D4BB6B9FC11}.Release|ARM.Deploy.0 = Release|ARM
		{899A77EC-9796-45D0-9E06-2D4BB6B9FC11}.Release|iPhone.ActiveCfg = Release|x86
		{899A77EC-9796-45D0-9E06-2D4BB6B9FC11}.Release|iPhone.Build.0 = Release|x86
		{899A77EC-9796-45D0-9E06-2D4BB6B9FC11}.Release|iPhone.Deploy.0 = Release|x86
		{899A77EC-9796-45D0-9E06-2D4BB6B9FC11}.Release|iPhoneSimulator.ActiveCfg = Release|x86
		{899A77EC-9796-45D0-9E06-2D4BB6B9FC11}.Release|iPhoneSimulator.Build.0 = Release|x86
		{899A77EC-9796-45D0-9E06-2D4BB6B9FC11}.Release|iPhoneSimulator.Deploy.0 = Release|x86
		{899A77EC-9796-45D0-9E06-2D4BB6B9FC11}.Release|x64.ActiveCfg = Release|x64
		{899A77EC-9796-45D0-9E06-2D4BB6B9FC11}.Release|x64.Build.0 = Release|x64
		{899A77EC-9796-45D0-9E06-2D4BB6B9FC11}.Release|x64.Deploy.0 = Release|x64
		{899A77EC-9796-45D0-9E06-2D4BB6B9FC11}.Release|x86.ActiveCfg = Release|x86
		{899A77EC-9796-45D0-9E06-2D4BB6B9FC11}.Release|x86.Build.0 = Release|x86
		{899A77EC-9796-45D0-9E06-2D4BB6B9FC11}.Release|x86.Deploy.0 = Release|x86
		{87285AF3-85D0-4ACE-B148-9321DDD3D0E0}.Debug|Any CPU.ActiveCfg = Debug|Any CPU
		{87285AF3-85D0-4ACE-B148-9321DDD3D0E0}.Debug|Any CPU.Build.0 = Debug|Any CPU
		{87285AF3-85D0-4ACE-B148-9321DDD3D0E0}.Debug|Any CPU.Deploy.0 = Debug|Any CPU
		{87285AF3-85D0-4ACE-B148-9321DDD3D0E0}.Debug|ARM.ActiveCfg = Debug|Any CPU
		{87285AF3-85D0-4ACE-B148-9321DDD3D0E0}.Debug|ARM.Build.0 = Debug|Any CPU
		{87285AF3-85D0-4ACE-B148-9321DDD3D0E0}.Debug|ARM.Deploy.0 = Debug|Any CPU
		{87285AF3-85D0-4ACE-B148-9321DDD3D0E0}.Debug|iPhone.ActiveCfg = Debug|Any CPU
		{87285AF3-85D0-4ACE-B148-9321DDD3D0E0}.Debug|iPhone.Build.0 = Debug|Any CPU
		{87285AF3-85D0-4ACE-B148-9321DDD3D0E0}.Debug|iPhone.Deploy.0 = Debug|Any CPU
		{87285AF3-85D0-4ACE-B148-9321DDD3D0E0}.Debug|iPhoneSimulator.ActiveCfg = Debug|Any CPU
		{87285AF3-85D0-4ACE-B148-9321DDD3D0E0}.Debug|iPhoneSimulator.Build.0 = Debug|Any CPU
		{87285AF3-85D0-4ACE-B148-9321DDD3D0E0}.Debug|iPhoneSimulator.Deploy.0 = Debug|Any CPU
		{87285AF3-85D0-4ACE-B148-9321DDD3D0E0}.Debug|x64.ActiveCfg = Debug|Any CPU
		{87285AF3-85D0-4ACE-B148-9321DDD3D0E0}.Debug|x64.Build.0 = Debug|Any CPU
		{87285AF3-85D0-4ACE-B148-9321DDD3D0E0}.Debug|x64.Deploy.0 = Debug|Any CPU
		{87285AF3-85D0-4ACE-B148-9321DDD3D0E0}.Debug|x86.ActiveCfg = Debug|Any CPU
		{87285AF3-85D0-4ACE-B148-9321DDD3D0E0}.Debug|x86.Build.0 = Debug|Any CPU
		{87285AF3-85D0-4ACE-B148-9321DDD3D0E0}.Debug|x86.Deploy.0 = Debug|Any CPU
		{87285AF3-85D0-4ACE-B148-9321DDD3D0E0}.Release|Any CPU.ActiveCfg = Release|Any CPU
		{87285AF3-85D0-4ACE-B148-9321DDD3D0E0}.Release|Any CPU.Build.0 = Release|Any CPU
		{87285AF3-85D0-4ACE-B148-9321DDD3D0E0}.Release|Any CPU.Deploy.0 = Release|Any CPU
		{87285AF3-85D0-4ACE-B148-9321DDD3D0E0}.Release|ARM.ActiveCfg = Release|Any CPU
		{87285AF3-85D0-4ACE-B148-9321DDD3D0E0}.Release|ARM.Build.0 = Release|Any CPU
		{87285AF3-85D0-4ACE-B148-9321DDD3D0E0}.Release|ARM.Deploy.0 = Release|Any CPU
		{87285AF3-85D0-4ACE-B148-9321DDD3D0E0}.Release|iPhone.ActiveCfg = Release|Any CPU
		{87285AF3-85D0-4ACE-B148-9321DDD3D0E0}.Release|iPhone.Build.0 = Release|Any CPU
		{87285AF3-85D0-4ACE-B148-9321DDD3D0E0}.Release|iPhone.Deploy.0 = Release|Any CPU
		{87285AF3-85D0-4ACE-B148-9321DDD3D0E0}.Release|iPhoneSimulator.ActiveCfg = Release|Any CPU
		{87285AF3-85D0-4ACE-B148-9321DDD3D0E0}.Release|iPhoneSimulator.Build.0 = Release|Any CPU
		{87285AF3-85D0-4ACE-B148-9321DDD3D0E0}.Release|iPhoneSimulator.Deploy.0 = Release|Any CPU
		{87285AF3-85D0-4ACE-B148-9321DDD3D0E0}.Release|x64.ActiveCfg = Release|Any CPU
		{87285AF3-85D0-4ACE-B148-9321DDD3D0E0}.Release|x64.Build.0 = Release|Any CPU
		{87285AF3-85D0-4ACE-B148-9321DDD3D0E0}.Release|x64.Deploy.0 = Release|Any CPU
		{87285AF3-85D0-4ACE-B148-9321DDD3D0E0}.Release|x86.ActiveCfg = Release|Any CPU
		{87285AF3-85D0-4ACE-B148-9321DDD3D0E0}.Release|x86.Build.0 = Release|Any CPU
		{87285AF3-85D0-4ACE-B148-9321DDD3D0E0}.Release|x86.Deploy.0 = Release|Any CPU
		{42186A8B-5682-49ED-999A-BFB2865FD7E5}.Debug|Any CPU.ActiveCfg = Debug|Any CPU
		{42186A8B-5682-49ED-999A-BFB2865FD7E5}.Debug|Any CPU.Build.0 = Debug|Any CPU
		{42186A8B-5682-49ED-999A-BFB2865FD7E5}.Debug|ARM.ActiveCfg = Debug|Any CPU
		{42186A8B-5682-49ED-999A-BFB2865FD7E5}.Debug|ARM.Build.0 = Debug|Any CPU
		{42186A8B-5682-49ED-999A-BFB2865FD7E5}.Debug|iPhone.ActiveCfg = Debug|Any CPU
		{42186A8B-5682-49ED-999A-BFB2865FD7E5}.Debug|iPhone.Build.0 = Debug|Any CPU
		{42186A8B-5682-49ED-999A-BFB2865FD7E5}.Debug|iPhoneSimulator.ActiveCfg = Debug|Any CPU
		{42186A8B-5682-49ED-999A-BFB2865FD7E5}.Debug|iPhoneSimulator.Build.0 = Debug|Any CPU
		{42186A8B-5682-49ED-999A-BFB2865FD7E5}.Debug|x64.ActiveCfg = Debug|Any CPU
		{42186A8B-5682-49ED-999A-BFB2865FD7E5}.Debug|x64.Build.0 = Debug|Any CPU
		{42186A8B-5682-49ED-999A-BFB2865FD7E5}.Debug|x86.ActiveCfg = Debug|Any CPU
		{42186A8B-5682-49ED-999A-BFB2865FD7E5}.Debug|x86.Build.0 = Debug|Any CPU
		{42186A8B-5682-49ED-999A-BFB2865FD7E5}.Release|Any CPU.ActiveCfg = Release|Any CPU
		{42186A8B-5682-49ED-999A-BFB2865FD7E5}.Release|Any CPU.Build.0 = Release|Any CPU
		{42186A8B-5682-49ED-999A-BFB2865FD7E5}.Release|ARM.ActiveCfg = Release|Any CPU
		{42186A8B-5682-49ED-999A-BFB2865FD7E5}.Release|ARM.Build.0 = Release|Any CPU
		{42186A8B-5682-49ED-999A-BFB2865FD7E5}.Release|iPhone.ActiveCfg = Release|Any CPU
		{42186A8B-5682-49ED-999A-BFB2865FD7E5}.Release|iPhone.Build.0 = Release|Any CPU
		{42186A8B-5682-49ED-999A-BFB2865FD7E5}.Release|iPhoneSimulator.ActiveCfg = Release|Any CPU
		{42186A8B-5682-49ED-999A-BFB2865FD7E5}.Release|iPhoneSimulator.Build.0 = Release|Any CPU
		{42186A8B-5682-49ED-999A-BFB2865FD7E5}.Release|x64.ActiveCfg = Release|Any CPU
		{42186A8B-5682-49ED-999A-BFB2865FD7E5}.Release|x64.Build.0 = Release|Any CPU
		{42186A8B-5682-49ED-999A-BFB2865FD7E5}.Release|x86.ActiveCfg = Release|Any CPU
		{42186A8B-5682-49ED-999A-BFB2865FD7E5}.Release|x86.Build.0 = Release|Any CPU
		{32B7D4D3-1471-4EA8-BC9B-D159DB33FAB8}.Debug|Any CPU.ActiveCfg = Debug|Any CPU
		{32B7D4D3-1471-4EA8-BC9B-D159DB33FAB8}.Debug|Any CPU.Build.0 = Debug|Any CPU
		{32B7D4D3-1471-4EA8-BC9B-D159DB33FAB8}.Debug|ARM.ActiveCfg = Debug|Any CPU
		{32B7D4D3-1471-4EA8-BC9B-D159DB33FAB8}.Debug|ARM.Build.0 = Debug|Any CPU
		{32B7D4D3-1471-4EA8-BC9B-D159DB33FAB8}.Debug|iPhone.ActiveCfg = Debug|Any CPU
		{32B7D4D3-1471-4EA8-BC9B-D159DB33FAB8}.Debug|iPhone.Build.0 = Debug|Any CPU
		{32B7D4D3-1471-4EA8-BC9B-D159DB33FAB8}.Debug|iPhoneSimulator.ActiveCfg = Debug|Any CPU
		{32B7D4D3-1471-4EA8-BC9B-D159DB33FAB8}.Debug|iPhoneSimulator.Build.0 = Debug|Any CPU
		{32B7D4D3-1471-4EA8-BC9B-D159DB33FAB8}.Debug|x64.ActiveCfg = Debug|Any CPU
		{32B7D4D3-1471-4EA8-BC9B-D159DB33FAB8}.Debug|x64.Build.0 = Debug|Any CPU
		{32B7D4D3-1471-4EA8-BC9B-D159DB33FAB8}.Debug|x86.ActiveCfg = Debug|Any CPU
		{32B7D4D3-1471-4EA8-BC9B-D159DB33FAB8}.Debug|x86.Build.0 = Debug|Any CPU
		{32B7D4D3-1471-4EA8-BC9B-D159DB33FAB8}.Release|Any CPU.ActiveCfg = Release|Any CPU
		{32B7D4D3-1471-4EA8-BC9B-D159DB33FAB8}.Release|Any CPU.Build.0 = Release|Any CPU
		{32B7D4D3-1471-4EA8-BC9B-D159DB33FAB8}.Release|ARM.ActiveCfg = Release|Any CPU
		{32B7D4D3-1471-4EA8-BC9B-D159DB33FAB8}.Release|ARM.Build.0 = Release|Any CPU
		{32B7D4D3-1471-4EA8-BC9B-D159DB33FAB8}.Release|iPhone.ActiveCfg = Release|Any CPU
		{32B7D4D3-1471-4EA8-BC9B-D159DB33FAB8}.Release|iPhone.Build.0 = Release|Any CPU
		{32B7D4D3-1471-4EA8-BC9B-D159DB33FAB8}.Release|iPhoneSimulator.ActiveCfg = Release|Any CPU
		{32B7D4D3-1471-4EA8-BC9B-D159DB33FAB8}.Release|iPhoneSimulator.Build.0 = Release|Any CPU
		{32B7D4D3-1471-4EA8-BC9B-D159DB33FAB8}.Release|x64.ActiveCfg = Release|Any CPU
		{32B7D4D3-1471-4EA8-BC9B-D159DB33FAB8}.Release|x64.Build.0 = Release|Any CPU
		{32B7D4D3-1471-4EA8-BC9B-D159DB33FAB8}.Release|x86.ActiveCfg = Release|Any CPU
		{32B7D4D3-1471-4EA8-BC9B-D159DB33FAB8}.Release|x86.Build.0 = Release|Any CPU
	EndGlobalSection
	GlobalSection(SolutionProperties) = preSolution
		HideSolutionNode = FALSE
	EndGlobalSection
	GlobalSection(ExtensibilityGlobals) = postSolution
		SolutionGuid = {3FC37F87-D2B2-4BBF-B621-8D83D00B9143}
	EndGlobalSection
EndGlobal
